
Microsoft Visual Studio Solution File, Format Version 12.00
# Visual Studio Version 17
VisualStudioVersion = 17.0.31903.59
MinimumVisualStudioVersion = 10.0.40219.1
Project("{2150E333-8FDC-42A3-9474-1A3956D46DE8}") = "src", "src", "{884BA6B1-0BC6-434C-9C45-009FE7A2FB27}"
EndProject
Project("{FAE04EC0-301F-11D3-BF4B-00C04F79EFBC}") = "TokenScope.Core", "src\TokenScope.Core\TokenScope.Core.csproj", "{25D7D878-9423-4A50-8885-1625BF289A1D}"
EndProject
Project("{FAE04EC0-301F-11D3-BF4B-00C04F79EFBC}") = "TokenScope.Otel", "src\TokenScope.Otel\TokenScope.Otel.csproj", "{0E8417F8-770A-4E6E-82B7-E53CFFA6B7F9}"
EndProject
Project("{FAE04EC0-301F-11D3-BF4B-00C04F79EFBC}") = "TokenScope.Collector", "src\TokenScope.Collector\TokenScope.Collector.csproj", "{C2422B3D-203A-4071-8771-BC296974947C}"
EndProject
Project("{2150E333-8FDC-42A3-9474-1A3956D46DE8}") = "tests", "tests", "{685E9BCC-9E00-4848-893D-A7D38DE0DBE8}"
EndProject
Project("{FAE04EC0-301F-11D3-BF4B-00C04F79EFBC}") = "TokenScope.Core.Tests", "tests\TokenScope.Core.Tests\TokenScope.Core.Tests.csproj", "{644C3413-B1C9-477F-8B19-3EF9C5C2DBB1}"
EndProject
Project("{FAE04EC0-301F-11D3-BF4B-00C04F79EFBC}") = "TokenScope.Otel.Tests", "tests\TokenScope.Otel.Tests\TokenScope.Otel.Tests.csproj", "{CC96D163-6049-4C44-8300-6F4BDD5ADC34}"
EndProject
Project("{FAE04EC0-301F-11D3-BF4B-00C04F79EFBC}") = "TokenScope.Collector.Tests", "tests\TokenScope.Collector.Tests\TokenScope.Collector.Tests.csproj", "{CAE9975A-346F-4469-BB44-B46E5E9D3B68}"
EndProject
Global
	GlobalSection(SolutionConfigurationPlatforms) = preSolution
		Debug|Any CPU = Debug|Any CPU
		Release|Any CPU = Release|Any CPU
	EndGlobalSection
	GlobalSection(SolutionProperties) = preSolution
		HideSolutionNode = FALSE
	EndGlobalSection
	GlobalSection(ProjectConfigurationPlatforms) = postSolution
		{25D7D878-9423-4A50-8885-1625BF289A1D}.Debug|Any CPU.ActiveCfg = Debug|Any CPU
		{25D7D878-9423-4A50-8885-1625BF289A1D}.Debug|Any CPU.Build.0 = Debug|Any CPU
		{25D7D878-9423-4A50-8885-1625BF289A1D}.Release|Any CPU.ActiveCfg = Release|Any CPU
		{25D7D878-9423-4A50-8885-1625BF289A1D}.Release|Any CPU.Build.0 = Release|Any CPU
		{0E8417F8-770A-4E6E-82B7-E53CFFA6B7F9}.Debug|Any CPU.ActiveCfg = Debug|Any CPU
		{0E8417F8-770A-4E6E-82B7-E53CFFA6B7F9}.Debug|Any CPU.Build.0 = Debug|Any CPU
		{0E8417F8-770A-4E6E-82B7-E53CFFA6B7F9}.Release|Any CPU.ActiveCfg = Release|Any CPU
		{0E8417F8-770A-4E6E-82B7-E53CFFA6B7F9}.Release|Any CPU.Build.0 = Release|Any CPU
		{C2422B3D-203A-4071-8771-BC296974947C}.Debug|Any CPU.ActiveCfg = Debug|Any CPU
		{C2422B3D-203A-4071-8771-BC296974947C}.Debug|Any CPU.Build.0 = Debug|Any CPU
		{C2422B3D-203A-4071-8771-BC296974947C}.Release|Any CPU.ActiveCfg = Release|Any CPU
		{C2422B3D-203A-4071-8771-BC296974947C}.Release|Any CPU.Build.0 = Release|Any CPU
		{644C3413-B1C9-477F-8B19-3EF9C5C2DBB1}.Debug|Any CPU.ActiveCfg = Debug|Any CPU
		{644C3413-B1C9-477F-8B19-3EF9C5C2DBB1}.Debug|Any CPU.Build.0 = Debug|Any CPU
		{644C3413-B1C9-477F-8B19-3EF9C5C2DBB1}.Release|Any CPU.ActiveCfg = Release|Any CPU
		{644C3413-B1C9-477F-8B19-3EF9C5C2DBB1}.Release|Any CPU.Build.0 = Release|Any CPU
		{CC96D163-6049-4C44-8300-6F4BDD5ADC34}.Debug|Any CPU.ActiveCfg = Debug|Any CPU
		{CC96D163-6049-4C44-8300-6F4BDD5ADC34}.Debug|Any CPU.Build.0 = Debug|Any CPU
		{CC96D163-6049-4C44-8300-6F4BDD5ADC34}.Release|Any CPU.ActiveCfg = Release|Any CPU
		{CC96D163-6049-4C44-8300-6F4BDD5ADC34}.Release|Any CPU.Build.0 = Release|Any CPU
		{CAE9975A-346F-4469-BB44-B46E5E9D3B68}.Debug|Any CPU.ActiveCfg = Debug|Any CPU
		{CAE9975A-346F-4469-BB44-B46E5E9D3B68}.Debug|Any CPU.Build.0 = Debug|Any CPU
		{CAE9975A-346F-4469-BB44-B46E5E9D3B68}.Release|Any CPU.ActiveCfg = Release|Any CPU
		{CAE9975A-346F-4469-BB44-B46E5E9D3B68}.Release|Any CPU.Build.0 = Release|Any CPU
	EndGlobalSection
	GlobalSection(NestedProjects) = preSolution
		{25D7D878-9423-4A50-8885-1625BF289A1D} = {884BA6B1-0BC6-434C-9C45-009FE7A2FB27}
		{0E8417F8-770A-4E6E-82B7-E53CFFA6B7F9} = {884BA6B1-0BC6-434C-9C45-009FE7A2FB27}
		{C2422B3D-203A-4071-8771-BC296974947C} = {884BA6B1-0BC6-434C-9C45-009FE7A2FB27}
		{644C3413-B1C9-477F-8B19-3EF9C5C2DBB1} = {685E9BCC-9E00-4848-893D-A7D38DE0DBE8}
		{CC96D163-6049-4C44-8300-6F4BDD5ADC34} = {685E9BCC-9E00-4848-893D-A7D38DE0DBE8}
		{CAE9975A-346F-4469-BB44-B46E5E9D3B68} = {685E9BCC-9E00-4848-893D-A7D38DE0DBE8}
	EndGlobalSection
EndGlobal
